{
  "lockfileVersion": 1,
  "configVersion": 1,
  "workspaces": {
    "": {
      "name": "data-web",
      "dependencies": {
        "data-web": ".",
        "@rschedule/core": "^1.5.0",
        "@rschedule/standard-date-adapter": "^1.5.0",
        "date-fns": "^4.1.0",
        "react": "^19.2.4",
        "react-calendar": "^6.0.1",
        "react-dom": "^19.2.4",
        "react-router-dom": "^7.14.0",
        "yet-another-react-lightbox": "^3.31.0",
      },
      "devDependencies": {
        "@types/bun": "latest",
        "@types/react": "^19.2.14",
        "@types/react-dom": "^19.2.3",
        "prettier": "3.8.1",
      },
      "peerDependencies": {
        "typescript": "^5.9.3",
      },
    },
  },
  "packages": {
    "@rschedule/core": ["@rschedule/core@1.5.0", "", {}, "sha512-uN6Kjx4dnpheesXx+wm0B3E+xJPCw3TdNFmNAIXj9oPVD5t4smbpu/IBPZIzfv8bf7I88s/ahDKkltU6W3H6dw=="],

    "@rschedule/standard-date-adapter": ["@rschedule/standard-date-adapter@1.5.0", "", { "peerDependencies": { "@rschedule/core": "^1.5.0" } }, "sha512-gQUlCOmYVaGvq6IZT29VVl4uZhaauwgG9aWxXLvC7x3lSF1f+z52iLAj853Mc4a1UgXQtEwt7Wujb9twl740Ew=="],

    "@types/bun": ["@types/bun@1.3.11", "", { "dependencies": { "bun-types": "1.3.11" } }, "sha512-5vPne5QvtpjGpsGYXiFyycfpDF2ECyPcTSsFBMa0fraoxiQyMJ3SmuQIGhzPg2WJuWxVBoxWJ2kClYTcw/4fAg=="],

    "@types/node": ["@types/node@25.5.2", "", { "dependencies": { "undici-types": "~7.18.0" } }, "sha512-tO4ZIRKNC+MDWV4qKVZe3Ql/woTnmHDr5JD8UI5hn2pwBrHEwOEMZK7WlNb5RKB6EoJ02gwmQS9OrjuFnZYdpg=="],

    "@types/react": ["@types/react@19.2.14", "", { "dependencies": { "csstype": "^3.2.2" } }, "sha512-ilcTH/UniCkMdtexkoCN0bI7pMcJDvmQFPvuPvmEaYA/NSfFTAgdUSLAoVjaRJm7+6PvcM+q1zYOwS4wTYMF9w=="],

    "@types/react-dom": ["@types/react-dom@19.2.3", "", { "peerDependencies": { "@types/react": "^19.2.0" } }, "sha512-jp2L/eY6fn+KgVVQAOqYItbF0VY/YApe5Mz2F0aykSO8gx31bYCZyvSeYxCHKvzHG5eZjc+zyaS5BrBWya2+kQ=="],

    "@wojtekmaj/date-utils": ["@wojtekmaj/date-utils@2.0.2", "", {}, "sha512-Do66mSlSNifFFuo3l9gNKfRMSFi26CRuQMsDJuuKO/ekrDWuTTtE4ZQxoFCUOG+NgxnpSeBq/k5TY8ZseEzLpA=="],

    "bun-types": ["bun-types@1.3.11", "", { "dependencies": { "@types/node": "*" } }, "sha512-1KGPpoxQWl9f6wcZh57LvrPIInQMn2TQ7jsgxqpRzg+l0QPOFvJVH7HmvHo/AiPgwXy+/Thf6Ov3EdVn1vOabg=="],

    "clsx": ["clsx@2.1.1", "", {}, "sha512-eYm0QWBtUrBWZWG0d386OGAw16Z995PiOVo2B7bjWSbHedGl5e0ZWaq65kOGgUSNesEIDkB9ISbTg/JK9dhCZA=="],

    "cookie": ["cookie@1.1.1", "", {}, "sha512-ei8Aos7ja0weRpFzJnEA9UHJ/7XQmqglbRwnf2ATjcB9Wq874VKH9kfjjirM6UhU2/E5fFYadylyhFldcqSidQ=="],

    "csstype": ["csstype@3.2.3", "", {}, "sha512-z1HGKcYy2xA8AGQfwrn0PAy+PB7X/GSj3UVJW9qKyn43xWa+gl5nXmU4qqLMRzWVLFC8KusUX8T/0kCiOYpAIQ=="],

    "data-web": ["data-web@root:", {}],

    "date-fns": ["date-fns@4.1.0", "", {}, "sha512-Ukq0owbQXxa/U3EGtsdVBkR1w7KOQ5gIBqdH2hkvknzZPYvBxb/aa6E8L7tmjFtkwZBu3UXBbjIgPo/Ez4xaNg=="],

    "get-user-locale": ["get-user-locale@3.0.0", "", { "dependencies": { "memoize": "^10.0.0" } }, "sha512-iJfHSmdYV39UUBw7Jq6GJzeJxUr4U+S03qdhVuDsR9gCEnfbqLy9gYDJFBJQL1riqolFUKQvx36mEkp2iGgJ3g=="],

    "js-tokens": ["js-tokens@4.0.0", "", {}, "sha512-RdJUflcE3cUzKiMqQgsCu06FPu9UdIJO0beYbPhHN4k6apgJtifcoCtT9bcxOpYBtpD2kCM6Sbzg4CausW/PKQ=="],

    "loose-envify": ["loose-envify@1.4.0", "", { "dependencies": { "js-tokens": "^3.0.0 || ^4.0.0" }, "bin": { "loose-envify": "cli.js" } }, "sha512-lyuxPGr/Wfhrlem2CL/UcnUc1zcqKAImBDzukY7Y5F/yQiNdko6+fRLevlw1HgMySw7f611UIY408EtxRSoK3Q=="],

    "memoize": ["memoize@10.2.0", "", { "dependencies": { "mimic-function": "^5.0.1" } }, "sha512-DeC6b7QBrZsRs3Y02A6A7lQyzFbsQbqgjI6UW0GigGWV+u1s25TycMr0XHZE4cJce7rY/vyw2ctMQqfDkIhUEA=="],

    "mimic-function": ["mimic-function@5.0.1", "", {}, "sha512-VP79XUPxV2CigYP3jWwAUFSku2aKqBH7uTAapFWCBqutsbmDo96KY5o8uh6U+/YSIn5OxJnXp73beVkpqMIGhA=="],

    "prettier": ["prettier@3.8.1", "", { "bin": { "prettier": "bin/prettier.cjs" } }, "sha512-UOnG6LftzbdaHZcKoPFtOcCKztrQ57WkHDeRD9t/PTQtmT0NHSeWWepj6pS0z/N7+08BHFDQVUrfmfMRcZwbMg=="],

    "react": ["react@19.2.4", "", {}, "sha512-9nfp2hYpCwOjAN+8TZFGhtWEwgvWHXqESH8qT89AT/lWklpLON22Lc8pEtnpsZz7VmawabSU0gCjnj8aC0euHQ=="],

    "react-calendar": ["react-calendar@6.0.1", "", { "dependencies": { "@wojtekmaj/date-utils": "^2.0.2", "clsx": "^2.0.0", "get-user-locale": "^3.0.0", "warning": "^4.0.0" }, "peerDependencies": { "@types/react": "^16.8.0 || ^17.0.0 || ^18.0.0 || ^19.0.0", "react": "^16.8.0 || ^17.0.0 || ^18.0.0 || ^19.0.0", "react-dom": "^16.8.0 || ^17.0.0 || ^18.0.0 || ^19.0.0" }, "optionalPeers": ["@types/react"] }, "sha512-b8E61W7qk/He9XEbtbQBjnALPuGmxeglsotgZyAShqN1vHMzXWjl4g7WI5tRF93RE4Wbo0c0BKN3vTQhrBojpg=="],

    "react-dom": ["react-dom@19.2.4", "", { "dependencies": { "scheduler": "^0.27.0" }, "peerDependencies": { "react": "^19.2.4" } }, "sha512-AXJdLo8kgMbimY95O2aKQqsz2iWi9jMgKJhRBAxECE4IFxfcazB2LmzloIoibJI3C12IlY20+KFaLv+71bUJeQ=="],

    "react-router": ["react-router@7.14.0", "", { "dependencies": { "cookie": "^1.0.1", "set-cookie-parser": "^2.6.0" }, "peerDependencies": { "react": ">=18", "react-dom": ">=18" }, "optionalPeers": ["react-dom"] }, "sha512-m/xR9N4LQLmAS0ZhkY2nkPA1N7gQ5TUVa5n8TgANuDTARbn1gt+zLPXEm7W0XDTbrQ2AJSJKhoa6yx1D8BcpxQ=="],

    "react-router-dom": ["react-router-dom@7.14.0", "", { "dependencies": { "react-router": "7.14.0" }, "peerDependencies": { "react": ">=18", "react-dom": ">=18" } }, "sha512-2G3ajSVSZMEtmTjIklRWlNvo8wICEpLihfD/0YMDxbWK2UyP5EGfnoIn9AIQGnF3G/FX0MRbHXdFcD+rL1ZreQ=="],

    "scheduler": ["scheduler@0.27.0", "", {}, "sha512-eNv+WrVbKu1f3vbYJT/xtiF5syA5HPIMtf9IgY/nKg0sWqzAUEvqY/xm7OcZc/qafLx/iO9FgOmeSAp4v5ti/Q=="],

    "set-cookie-parser": ["set-cookie-parser@2.7.2", "", {}, "sha512-oeM1lpU/UvhTxw+g3cIfxXHyJRc/uidd3yK1P242gzHds0udQBYzs3y8j4gCCW+ZJ7ad0yctld8RYO+bdurlvw=="],

    "typescript": ["typescript@5.9.3", "", { "bin": { "tsc": "bin/tsc", "tsserver": "bin/tsserver" } }, "sha512-jl1vZzPDinLr9eUt3J/t7V6FgNEw9QjvBPdysz9KfQDD41fQrC2Y4vKQdiaUpFT4bXlb1RHhLpp8wtm6M5TgSw=="],

    "undici-types": ["undici-types@7.18.2", "", {}, "sha512-AsuCzffGHJybSaRrmr5eHr81mwJU3kjw6M+uprWvCXiNeN9SOGwQ3Jn8jb8m3Z6izVgknn1R0FTCEAP2QrLY/w=="],

    "warning": ["warning@4.0.3", "", { "dependencies": { "loose-envify": "^1.0.0" } }, "sha512-rpJyN222KWIvHJ/F53XSZv0Zl/accqHR8et1kpaMTD/fLCRxtV8iX8czMzY7sVZupTI3zcUTg8eycS2kNF9l6w=="],

    "yet-another-react-lightbox": ["yet-another-react-lightbox@3.31.0", "", { "peerDependencies": { "@types/react": "^16 || ^17 || ^18 || ^19", "@types/react-dom": "^16 || ^17 || ^18 || ^19", "react": "^16.8.0 || ^17 || ^18 || ^19", "react-dom": "^16.8.0 || ^17 || ^18 || ^19" }, "optionalPeers": ["@types/react", "@types/react-dom"] }, "sha512-qcj8Vz5Gpbl2/XCXW/4vAdLGganPHEL1D5VgHxBQWbPF8ZeomH1DSN2ci++kv/1hMlccpUkg/nNx2CrMf9cLAg=="],
  }
}
